// !$*UTF8*$!
{
	archiveVersion = 1;
	classes = {
	};
	objectVersion = 77;
	objects = {

/* Begin PBXBuildFile section */
		80C593600F3917B2E751EBC7 /* Pods_Job_InTests.framework in Frameworks */ = {isa = PBXBuildFile; fileRef = 26CC167CC1A61C5D48D61D92 /* Pods_Job_InTests.framework */; };
		899D8ED14600B63DB3EF7396 /* Pods_Job_In_Job_InUITests.framework in Frameworks */ = {isa = PBXBuildFile; fileRef = CBA6B0D4BCBC099FF6440FE6 /* Pods_Job_In_Job_InUITests.framework */; };
		EDB67553B43304350D5C3353 /* Pods_Job_In.framework in Frameworks */ = {isa = PBXBuildFile; fileRef = E895B7D573174BB0560DC089 /* Pods_Job_In.framework */; };
/* End PBXBuildFile section */

/* Begin PBXContainerItemProxy section */
		6E6AF67F2D6532A90016A9E3 /* PBXContainerItemProxy */ = {
			isa = PBXContainerItemProxy;
			containerPortal = 6E6AF6662D6532A70016A9E3 /* Project object */;
			proxyType = 1;
			remoteGlobalIDString = 6E6AF66D2D6532A70016A9E3;
			remoteInfo = "Job-In";
		};
		6E6AF6892D6532A90016A9E3 /* PBXContainerItemProxy */ = {
			isa = PBXContainerItemProxy;
			containerPortal = 6E6AF6662D6532A70016A9E3 /* Project object */;
			proxyType = 1;
			remoteGlobalIDString = 6E6AF66D2D6532A70016A9E3;
			remoteInfo = "Job-In";
		};
/* End PBXContainerItemProxy section */

/* Begin PBXFileReference section */
		26CC167CC1A61C5D48D61D92 /* Pods_Job_InTests.framework */ = {isa = PBXFileReference; explicitFileType = wrapper.framework; includeInIndex = 0; path = Pods_Job_InTests.framework; sourceTree = BUILT_PRODUCTS_DIR; };
		6E6AF66E2D6532A70016A9E3 /* Job-In.app */ = {isa = PBXFileReference; explicitFileType = wrapper.application; includeInIndex = 0; path = "Job-In.app"; sourceTree = BUILT_PRODUCTS_DIR; };
		6E6AF67E2D6532A90016A9E3 /* Job-InTests.xctest */ = {isa = PBXFileReference; explicitFileType = wrapper.cfbundle; includeInIndex = 0; path = "Job-InTests.xctest"; sourceTree = BUILT_PRODUCTS_DIR; };
		6E6AF6882D6532A90016A9E3 /* Job-InUITests.xctest */ = {isa = PBXFileReference; explicitFileType = wrapper.cfbundle; includeInIndex = 0; path = "Job-InUITests.xctest"; sourceTree = BUILT_PRODUCTS_DIR; };
		839E6DA7B4E2F01133E63BE5 /* Pods-Job-InTests.release.xcconfig */ = {isa = PBXFileReference; includeInIndex = 1; lastKnownFileType = text.xcconfig; name = "Pods-Job-InTests.release.xcconfig"; path = "Target Support Files/Pods-Job-InTests/Pods-Job-InTests.release.xcconfig"; sourceTree = "<group>"; };
		83DD0CB5BD0441E24068ED51 /* Pods-Job-In-Job-InUITests.debug.xcconfig */ = {isa = PBXFileReference; includeInIndex = 1; lastKnownFileType = text.xcconfig; name = "Pods-Job-In-Job-InUITests.debug.xcconfig"; path = "Target Support Files/Pods-Job-In-Job-InUITests/Pods-Job-In-Job-InUITests.debug.xcconfig"; sourceTree = "<group>"; };
		88409CC560E21E61288FABC7 /* Pods-Job-In.debug.xcconfig */ = {isa = PBXFileReference; includeInIndex = 1; lastKnownFileType = text.xcconfig; name = "Pods-Job-In.debug.xcconfig"; path = "Target Support Files/Pods-Job-In/Pods-Job-In.debug.xcconfig"; sourceTree = "<group>"; };
		8F666EADC31D2156F204CAA2 /* Pods-Job-In.release.xcconfig */ = {isa = PBXFileReference; includeInIndex = 1; lastKnownFileType = text.xcconfig; name = "Pods-Job-In.release.xcconfig"; path = "Target Support Files/Pods-Job-In/Pods-Job-In.release.xcconfig"; sourceTree = "<group>"; };
		AB0A231D8872AC9DC462B4E2 /* Pods-Job-In-Job-InUITests.release.xcconfig */ = {isa = PBXFileReference; includeInIndex = 1; lastKnownFileType = text.xcconfig; name = "Pods-Job-In-Job-InUITests.release.xcconfig"; path = "Target Support Files/Pods-Job-In-Job-InUITests/Pods-Job-In-Job-InUITests.release.xcconfig"; sourceTree = "<group>"; };
		CBA6B0D4BCBC099FF6440FE6 /* Pods_Job_In_Job_InUITests.framework */ = {isa = PBXFileReference; explicitFileType = wrapper.framework; includeInIndex = 0; path = Pods_Job_In_Job_InUITests.framework; sourceTree = BUILT_PRODUCTS_DIR; };
		E895B7D573174BB0560DC089 /* Pods_Job_In.framework */ = {isa = PBXFileReference; explicitFileType = wrapper.framework; includeInIndex = 0; path = Pods_Job_In.framework; sourceTree = BUILT_PRODUCTS_DIR; };
		F2A5A483510260F03DA04992 /* Pods-Job-InTests.debug.xcconfig */ = {isa = PBXFileReference; includeInIndex = 1; lastKnownFileType = text.xcconfig; name = "Pods-Job-InTests.debug.xcconfig"; path = "Target Support Files/Pods-Job-InTests/Pods-Job-InTests.debug.xcconfig"; sourceTree = "<group>"; };
/* End PBXFileReference section */

/* Begin PBXFileSystemSynchronizedRootGroup section */
		6E6AF6702D6532A70016A9E3 /* Job-In */ = {
			isa = PBXFileSystemSynchronizedRootGroup;
			path = "Job-In";
			sourceTree = "<group>";
		};
		6E6AF6812D6532A90016A9E3 /* Job-InTests */ = {
			isa = PBXFileSystemSynchronizedRootGroup;
			path = "Job-InTests";
			sourceTree = "<group>";
		};
		6E6AF68B2D6532A90016A9E3 /* Job-InUITests */ = {
			isa = PBXFileSystemSynchronizedRootGroup;
			path = "Job-InUITests";
			sourceTree = "<group>";
		};
/* End PBXFileSystemSynchronizedRootGroup section */

/* Begin PBXFrameworksBuildPhase section */
		6E6AF66B2D6532A70016A9E3 /* Frameworks */ = {
			isa = PBXFrameworksBuildPhase;
			buildActionMask = 2147483647;
			files = (
				EDB67553B43304350D5C3353 /* Pods_Job_In.framework in Frameworks */,
			);
			runOnlyForDeploymentPostprocessing = 0;
		};
		6E6AF67B2D6532A90016A9E3 /* Frameworks */ = {
			isa = PBXFrameworksBuildPhase;
			buildActionMask = 2147483647;
			files = (
				80C593600F3917B2E751EBC7 /* Pods_Job_InTests.framework in Frameworks */,
			);
			runOnlyForDeploymentPostprocessing = 0;
		};
		6E6AF6852D6532A90016A9E3 /* Frameworks */ = {
			isa = PBXFrameworksBuildPhase;
			buildActionMask = 2147483647;
			files = (
				899D8ED14600B63DB3EF7396 /* Pods_Job_In_Job_InUITests.framework in Frameworks */,
			);
			runOnlyForDeploymentPostprocessing = 0;
		};
/* End PBXFrameworksBuildPhase section */

/* Begin PBXGroup section */
		14BD917CC75E9B7DC647C04C /* Pods */ = {
			isa = PBXGroup;
			children = (
				88409CC560E21E61288FABC7 /* Pods-Job-In.debug.xcconfig */,
				8F666EADC31D2156F204CAA2 /* Pods-Job-In.release.xcconfig */,
				83DD0CB5BD0441E24068ED51 /* Pods-Job-In-Job-InUITests.debug.xcconfig */,
				AB0A231D8872AC9DC462B4E2 /* Pods-Job-In-Job-InUITests.release.xcconfig */,
				F2A5A483510260F03DA04992 /* Pods-Job-InTests.debug.xcconfig */,
				839E6DA7B4E2F01133E63BE5 /* Pods-Job-InTests.release.xcconfig */,
			);
			path = Pods;
			sourceTree = "<group>";
		};
		6E6AF6652D6532A70016A9E3 = {
			isa = PBXGroup;
			children = (
				6E6AF6702D6532A70016A9E3 /* Job-In */,
				6E6AF6812D6532A90016A9E3 /* Job-InTests */,
				6E6AF68B2D6532A90016A9E3 /* Job-InUITests */,
				6E6AF66F2D6532A70016A9E3 /* Products */,
				14BD917CC75E9B7DC647C04C /* Pods */,
				DCA9F5A14C3C45E170B5CA83 /* Frameworks */,
			);
			sourceTree = "<group>";
		};
		6E6AF66F2D6532A70016A9E3 /* Products */ = {
			isa = PBXGroup;
			children = (
				6E6AF66E2D6532A70016A9E3 /* Job-In.app */,
				6E6AF67E2D6532A90016A9E3 /* Job-InTests.xctest */,
				6E6AF6882D6532A90016A9E3 /* Job-InUITests.xctest */,
			);
			name = Products;
			sourceTree = "<group>";
		};
		DCA9F5A14C3C45E170B5CA83 /* Frameworks */ = {
			isa = PBXGroup;
			children = (
				E895B7D573174BB0560DC089 /* Pods_Job_In.framework */,
				CBA6B0D4BCBC099FF6440FE6 /* Pods_Job_In_Job_InUITests.framework */,
				26CC167CC1A61C5D48D61D92 /* Pods_Job_InTests.framework */,
			);
			name = Frameworks;
			sourceTree = "<group>";
		};
/* End PBXGroup section */

/* Begin PBXNativeTarget section */
		6E6AF66D2D6532A70016A9E3 /* Job-In */ = {
			isa = PBXNativeTarget;
			buildConfigurationList = 6E6AF6922D6532A90016A9E3 /* Build configuration list for PBXNativeTarget "Job-In" */;
			buildPhases = (
				954560351AFEB7E506F1F12A /* [CP] Check Pods Manifest.lock */,
				6E6AF66A2D6532A70016A9E3 /* Sources */,
				6E6AF66B2D6532A70016A9E3 /* Frameworks */,
				6E6AF66C2D6532A70016A9E3 /* Resources */,
				D850430D3B73DB55C390F9F8 /* [CP] Embed Pods Frameworks */,
			);
			buildRules = (
			);
			dependencies = (
			);
			fileSystemSynchronizedGroups = (
				6E6AF6702D6532A70016A9E3 /* Job-In */,
			);
			name = "Job-In";
			productName = "Job-In";
			productReference = 6E6AF66E2D6532A70016A9E3 /* Job-In.app */;
			productType = "com.apple.product-type.application";
		};
		6E6AF67D2D6532A90016A9E3 /* Job-InTests */ = {
			isa = PBXNativeTarget;
			buildConfigurationList = 6E6AF6952D6532A90016A9E3 /* Build configuration list for PBXNativeTarget "Job-InTests" */;
			buildPhases = (
				7B7715FF8F72D76CCF5F73EF /* [CP] Check Pods Manifest.lock */,
				6E6AF67A2D6532A90016A9E3 /* Sources */,
				6E6AF67B2D6532A90016A9E3 /* Frameworks */,
				6E6AF67C2D6532A90016A9E3 /* Resources */,
			);
			buildRules = (
			);
			dependencies = (
				6E6AF6802D6532A90016A9E3 /* PBXTargetDependency */,
			);
			fileSystemSynchronizedGroups = (
				6E6AF6812D6532A90016A9E3 /* Job-InTests */,
			);
			name = "Job-InTests";
			productName = "Job-InTests";
			productReference = 6E6AF67E2D6532A90016A9E3 /* Job-InTests.xctest */;
			productType = "com.apple.product-type.bundle.unit-test";
		};
		6E6AF6872D6532A90016A9E3 /* Job-InUITests */ = {
			isa = PBXNativeTarget;
			buildConfigurationList = 6E6AF6982D6532A90016A9E3 /* Build configuration list for PBXNativeTarget "Job-InUITests" */;
			buildPhases = (
				E2A1FEE646FDD3223C403BE4 /* [CP] Check Pods Manifest.lock */,
				6E6AF6842D6532A90016A9E3 /* Sources */,
				6E6AF6852D6532A90016A9E3 /* Frameworks */,
				6E6AF6862D6532A90016A9E3 /* Resources */,
				1F51ADE00C44A53646335C45 /* [CP] Embed Pods Frameworks */,
			);
			buildRules = (
			);
			dependencies = (
				6E6AF68A2D6532A90016A9E3 /* PBXTargetDependency */,
			);
			fileSystemSynchronizedGroups = (
				6E6AF68B2D6532A90016A9E3 /* Job-InUITests */,
			);
			name = "Job-InUITests";
			productName = "Job-InUITests";
			productReference = 6E6AF6882D6532A90016A9E3 /* Job-InUITests.xctest */;
			productType = "com.apple.product-type.bundle.ui-testing";
		};
/* End PBXNativeTarget section */

/* Begin PBXProject section */
		6E6AF6662D6532A70016A9E3 /* Project object */ = {
			isa = PBXProject;
			attributes = {
				BuildIndependentTargetsInParallel = 1;
				LastSwiftUpdateCheck = 1610;
				LastUpgradeCheck = 1610;
				TargetAttributes = {
					6E6AF66D2D6532A70016A9E3 = {
						CreatedOnToolsVersion = 16.1;
					};
					6E6AF67D2D6532A90016A9E3 = {
						CreatedOnToolsVersion = 16.1;
						TestTargetID = 6E6AF66D2D6532A70016A9E3;
					};
					6E6AF6872D6532A90016A9E3 = {
						CreatedOnToolsVersion = 16.1;
						TestTargetID = 6E6AF66D2D6532A70016A9E3;
					};
				};
			};
			buildConfigurationList = 6E6AF6692D6532A70016A9E3 /* Build configuration list for PBXProject "Job-In" */;
			developmentRegion = en;
			hasScannedForEncodings = 0;
			knownRegions = (
				en,
				Base,
			);
			mainGroup = 6E6AF6652D6532A70016A9E3;
			minimizedProjectReferenceProxies = 1;
			preferredProjectObjectVersion = 77;
			productRefGroup = 6E6AF66F2D6532A70016A9E3 /* Products */;
			projectDirPath = "";
			projectRoot = "";
			targets = (
				6E6AF66D2D6532A70016A9E3 /* Job-In */,
				6E6AF67D2D6532A90016A9E3 /* Job-InTests */,
				6E6AF6872D6532A90016A9E3 /* Job-InUITests */,
			);
		};
/* End PBXProject section */

/* Begin PBXResourcesBuildPhase section */
		6E6AF66C2D6532A70016A9E3 /* Resources */ = {
			isa = PBXResourcesBuildPhase;
			buildActionMask = 2147483647;
			files = (
			);
			runOnlyForDeploymentPostprocessing = 0;
		};
		6E6AF67C2D6532A90016A9E3 /* Resources */ = {
			isa = PBXResourcesBuildPhase;
			buildActionMask = 2147483647;
			files = (
			);
			runOnlyForDeploymentPostprocessing = 0;
		};
		6E6AF6862D6532A90016A9E3 /* Resources */ = {
			isa = PBXResourcesBuildPhase;
			buildActionMask = 2147483647;
			files = (
			);
			runOnlyForDeploymentPostprocessing = 0;
		};
/* End PBXResourcesBuildPhase section */

/* Begin PBXShellScriptBuildPhase section */
		1F51ADE00C44A53646335C45 /* [CP] Embed Pods Frameworks */ = {
			isa = PBXShellScriptBuildPhase;
			buildActionMask = 2147483647;
			files = (
			);
			inputFileListPaths = (
				"${PODS_ROOT}/Target Support Files/Pods-Job-In-Job-InUITests/Pods-Job-In-Job-InUITests-frameworks-${CONFIGURATION}-input-files.xcfilelist",
			);
			name = "[CP] Embed Pods Frameworks";
			outputFileListPaths = (
				"${PODS_ROOT}/Target Support Files/Pods-Job-In-Job-InUITests/Pods-Job-In-Job-InUITests-frameworks-${CONFIGURATION}-output-files.xcfilelist",
			);
			runOnlyForDeploymentPostprocessing = 0;
			shellPath = /bin/sh;
			shellScript = "\"${PODS_ROOT}/Target Support Files/Pods-Job-In-Job-InUITests/Pods-Job-In-Job-InUITests-frameworks.sh\"\n";
			showEnvVarsInLog = 0;
		};
		7B7715FF8F72D76CCF5F73EF /* [CP] Check Pods Manifest.lock */ = {
			isa = PBXShellScriptBuildPhase;
			buildActionMask = 2147483647;
			files = (
			);
			inputFileListPaths = (
			);
			inputPaths = (
				"${PODS_PODFILE_DIR_PATH}/Podfile.lock",
				"${PODS_ROOT}/Manifest.lock",
			);
			name = "[CP] Check Pods Manifest.lock";
			outputFileListPaths = (
			);
			outputPaths = (
				"$(DERIVED_FILE_DIR)/Pods-Job-InTests-checkManifestLockResult.txt",
			);
			runOnlyForDeploymentPostprocessing = 0;
			shellPath = /bin/sh;
			shellScript = "diff \"${PODS_PODFILE_DIR_PATH}/Podfile.lock\" \"${PODS_ROOT}/Manifest.lock\" > /dev/null\nif [ $? != 0 ] ; then\n    # print error to STDERR\n    echo \"error: The sandbox is not in sync with the Podfile.lock. Run 'pod install' or update your CocoaPods installation.\" >&2\n    exit 1\nfi\n# This output is used by Xcode 'outputs' to avoid re-running this script phase.\necho \"SUCCESS\" > \"${SCRIPT_OUTPUT_FILE_0}\"\n";
			showEnvVarsInLog = 0;
		};
		954560351AFEB7E506F1F12A /* [CP] Check Pods Manifest.lock */ = {
			isa = PBXShellScriptBuildPhase;
			buildActionMask = 2147483647;
			files = (
			);
			inputFileListPaths = (
			);
			inputPaths = (
				"${PODS_PODFILE_DIR_PATH}/Podfile.lock",
				"${PODS_ROOT}/Manifest.lock",
			);
			name = "[CP] Check Pods Manifest.lock";
			outputFileListPaths = (
			);
			outputPaths = (
				"$(DERIVED_FILE_DIR)/Pods-Job-In-checkManifestLockResult.txt",
			);
			runOnlyForDeploymentPostprocessing = 0;
			shellPath = /bin/sh;
			shellScript = "diff \"${PODS_PODFILE_DIR_PATH}/Podfile.lock\" \"${PODS_ROOT}/Manifest.lock\" > /dev/null\nif [ $? != 0 ] ; then\n    # print error to STDERR\n    echo \"error: The sandbox is not in sync with the Podfile.lock. Run 'pod install' or update your CocoaPods installation.\" >&2\n    exit 1\nfi\n# This output is used by Xcode 'outputs' to avoid re-running this script phase.\necho \"SUCCESS\" > \"${SCRIPT_OUTPUT_FILE_0}\"\n";
			showEnvVarsInLog = 0;
		};
		D850430D3B73DB55C390F9F8 /* [CP] Embed Pods Frameworks */ = {
			isa = PBXShellScriptBuildPhase;
			buildActionMask = 2147483647;
			files = (
			);
			inputFileListPaths = (
				"${PODS_ROOT}/Target Support Files/Pods-Job-In/Pods-Job-In-frameworks-${CONFIGURATION}-input-files.xcfilelist",
			);
			name = "[CP] Embed Pods Frameworks";
			outputFileListPaths = (
				"${PODS_ROOT}/Target Support Files/Pods-Job-In/Pods-Job-In-frameworks-${CONFIGURATION}-output-files.xcfilelist",
			);
			runOnlyForDeploymentPostprocessing = 0;
			shellPath = /bin/sh;
			shellScript = "\"${PODS_ROOT}/Target Support Files/Pods-Job-In/Pods-Job-In-frameworks.sh\"\n";
			showEnvVarsInLog = 0;
		};
		E2A1FEE646FDD3223C403BE4 /* [CP] Check Pods Manifest.lock */ = {
			isa = PBXShellScriptBuildPhase;
			buildActionMask = 2147483647;
			files = (
			);
			inputFileListPaths = (
			);
			inputPaths = (
				"${PODS_PODFILE_DIR_PATH}/Podfile.lock",
				"${PODS_ROOT}/Manifest.lock",
			);
			name = "[CP] Check Pods Manifest.lock";
			outputFileListPaths = (
			);
			outputPaths = (
				"$(DERIVED_FILE_DIR)/Pods-Job-In-Job-InUITests-checkManifestLockResult.txt",
			);
			runOnlyForDeploymentPostprocessing = 0;
			shellPath = /bin/sh;
			shellScript = "diff \"${PODS_PODFILE_DIR_PATH}/Podfile.lock\" \"${PODS_ROOT}/Manifest.lock\" > /dev/null\nif [ $? != 0 ] ; then\n    # print error to STDERR\n    echo \"error: The sandbox is not in sync with the Podfile.lock. Run 'pod install' or update your CocoaPods installation.\" >&2\n    exit 1\nfi\n# This output is used by Xcode 'outputs' to avoid re-running this script phase.\necho \"SUCCESS\" > \"${SCRIPT_OUTPUT_FILE_0}\"\n";
			showEnvVarsInLog = 0;
		};
/* End PBXShellScriptBuildPhase section */

/* Begin PBXSourcesBuildPhase section */
		6E6AF66A2D6532A70016A9E3 /* Sources */ = {
			isa = PBXSourcesBuildPhase;
			buildActionMask = 2147483647;
			files = (
			);
			runOnlyForDeploymentPostprocessing = 0;
		};
		6E6AF67A2D6532A90016A9E3 /* Sources */ = {
			isa = PBXSourcesBuildPhase;
			buildActionMask = 2147483647;
			files = (
			);
			runOnlyForDeploymentPostprocessing = 0;
		};
		6E6AF6842D6532A90016A9E3 /* Sources */ = {
			isa = PBXSourcesBuildPhase;
			buildActionMask = 2147483647;
			files = (
			);
			runOnlyForDeploymentPostprocessing = 0;
		};
/* End PBXSourcesBuildPhase section */

/* Begin PBXTargetDependency section */
		6E6AF6802D6532A90016A9E3 /* PBXTargetDependency */ = {
			isa = PBXTargetDependency;
			target = 6E6AF66D2D6532A70016A9E3 /* Job-In */;
			targetProxy = 6E6AF67F2D6532A90016A9E3 /* PBXContainerItemProxy */;
		};
		6E6AF68A2D6532A90016A9E3 /* PBXTargetDependency */ = {
			isa = PBXTargetDependency;
			target = 6E6AF66D2D6532A70016A9E3 /* Job-In */;
			targetProxy = 6E6AF6892D6532A90016A9E3 /* PBXContainerItemProxy */;
		};
/* End PBXTargetDependency section */

/* Begin XCBuildConfiguration section */
		6E6AF6902D6532A90016A9E3 /* Debug */ = {
			isa = XCBuildConfiguration;
			buildSettings = {
				ALWAYS_SEARCH_USER_PATHS = NO;
				ASSETCATALOG_COMPILER_GENERATE_SWIFT_ASSET_SYMBOL_EXTENSIONS = YES;
				CLANG_ANALYZER_NONNULL = YES;
				CLANG_ANALYZER_NUMBER_OBJECT_CONVERSION = YES_AGGRESSIVE;
				CLANG_CXX_LANGUAGE_STANDARD = "gnu++20";
				CLANG_ENABLE_MODULES = YES;
				CLANG_ENABLE_OBJC_ARC = YES;
				CLANG_ENABLE_OBJC_WEAK = YES;
				CLANG_WARN_BLOCK_CAPTURE_AUTORELEASING = YES;
				CLANG_WARN_BOOL_CONVERSION = YES;
				CLANG_WARN_COMMA = YES;
				CLANG_WARN_CONSTANT_CONVERSION = YES;
				CLANG_WARN_DEPRECATED_OBJC_IMPLEMENTATIONS = YES;
				CLANG_WARN_DIRECT_OBJC_ISA_USAGE = YES_ERROR;
				CLANG_WARN_DOCUMENTATION_COMMENTS = YES;
				CLANG_WARN_EMPTY_BODY = YES;
				CLANG_WARN_ENUM_CONVERSION = YES;
				CLANG_WARN_INFINITE_RECURSION = YES;
				CLANG_WARN_INT_CONVERSION = YES;
				CLANG_WARN_NON_LITERAL_NULL_CONVERSION = YES;
				CLANG_WARN_OBJC_IMPLICIT_RETAIN_SELF = YES;
				CLANG_WARN_OBJC_LITERAL_CONVERSION = YES;
				CLANG_WARN_OBJC_ROOT_CLASS = YES_ERROR;
				CLANG_WARN_QUOTED_INCLUDE_IN_FRAMEWORK_HEADER = YES;
				CLANG_WARN_RANGE_LOOP_ANALYSIS = YES;
				CLANG_WARN_STRICT_PROTOTYPES = YES;
				CLANG_WARN_SUSPICIOUS_MOVE = YES;
				CLANG_WARN_UNGUARDED_AVAILABILITY = YES_AGGRESSIVE;
				CLANG_WARN_UNREACHABLE_CODE = YES;
				CLANG_WARN__DUPLICATE_METHOD_MATCH = YES;
				COPY_PHASE_STRIP = NO;
				DEBUG_INFORMATION_FORMAT = dwarf;
				ENABLE_STRICT_OBJC_MSGSEND = YES;
				ENABLE_TESTABILITY = YES;
				ENABLE_USER_SCRIPT_SANDBOXING = YES;
				GCC_C_LANGUAGE_STANDARD = gnu17;
				GCC_DYNAMIC_NO_PIC = NO;
				GCC_NO_COMMON_BLOCKS = YES;
				GCC_OPTIMIZATION_LEVEL = 0;
				GCC_PREPROCESSOR_DEFINITIONS = (
					"DEBUG=1",
					"$(inherited)",
				);
				GCC_WARN_64_TO_32_BIT_CONVERSION = YES;
				GCC_WARN_ABOUT_RETURN_TYPE = YES_ERROR;
				GCC_WARN_UNDECLARED_SELECTOR = YES;
				GCC_WARN_UNINITIALIZED_AUTOS = YES_AGGRESSIVE;
				GCC_WARN_UNUSED_FUNCTION = YES;
				GCC_WARN_UNUSED_VARIABLE = YES;
				IPHONEOS_DEPLOYMENT_TARGET = 18.1;
				LOCALIZATION_PREFERS_STRING_CATALOGS = YES;
				MTL_ENABLE_DEBUG_INFO = INCLUDE_SOURCE;
				MTL_FAST_MATH = YES;
				ONLY_ACTIVE_ARCH = YES;
				SDKROOT = iphoneos;
				SWIFT_ACTIVE_COMPILATION_CONDITIONS = "DEBUG $(inherited)";
				SWIFT_OPTIMIZATION_LEVEL = "-Onone";
			};
			name = Debug;
		};
		6E6AF6912D6532A90016A9E3 /* Release */ = {
			isa = XCBuildConfiguration;
			buildSettings = {
				ALWAYS_SEARCH_USER_PATHS = NO;
				ASSETCATALOG_COMPILER_GENERATE_SWIFT_ASSET_SYMBOL_EXTENSIONS = YES;
				CLANG_ANALYZER_NONNULL = YES;
				CLANG_ANALYZER_NUMBER_OBJECT_CONVERSION = YES_AGGRESSIVE;
				CLANG_CXX_LANGUAGE_STANDARD = "gnu++20";
				CLANG_ENABLE_MODULES = YES;
				CLANG_ENABLE_OBJC_ARC = YES;
				CLANG_ENABLE_OBJC_WEAK = YES;
				CLANG_WARN_BLOCK_CAPTURE_AUTORELEASING = YES;
				CLANG_WARN_BOOL_CONVERSION = YES;
				CLANG_WARN_COMMA = YES;
				CLANG_WARN_CONSTANT_CONVERSION = YES;
				CLANG_WARN_DEPRECATED_OBJC_IMPLEMENTATIONS = YES;
				CLANG_WARN_DIRECT_OBJC_ISA_USAGE = YES_ERROR;
				CLANG_WARN_DOCUMENTATION_COMMENTS = YES;
				CLANG_WARN_EMPTY_BODY = YES;
				CLANG_WARN_ENUM_CONVERSION = YES;
				CLANG_WARN_INFINITE_RECURSION = YES;
				CLANG_WARN_INT_CONVERSION = YES;
				CLANG_WARN_NON_LITERAL_NULL_CONVERSION = YES;
				CLANG_WARN_OBJC_IMPLICIT_RETAIN_SELF = YES;
				CLANG_WARN_OBJC_LITERAL_CONVERSION = YES;
				CLANG_WARN_OBJC_ROOT_CLASS = YES_ERROR;
				CLANG_WARN_QUOTED_INCLUDE_IN_FRAMEWORK_HEADER = YES;
				CLANG_WARN_RANGE_LOOP_ANALYSIS = YES;
				CLANG_WARN_STRICT_PROTOTYPES = YES;
				CLANG_WARN_SUSPICIOUS_MOVE = YES;
				CLANG_WARN_UNGUARDED_AVAILABILITY = YES_AGGRESSIVE;
				CLANG_WARN_UNREACHABLE_CODE = YES;
				CLANG_WARN__DUPLICATE_METHOD_MATCH = YES;
				COPY_PHASE_STRIP = NO;
				DEBUG_INFORMATION_FORMAT = "dwarf-with-dsym";
				ENABLE_NS_ASSERTIONS = NO;
				ENABLE_STRICT_OBJC_MSGSEND = YES;
				ENABLE_USER_SCRIPT_SANDBOXING = YES;
				GCC_C_LANGUAGE_STANDARD = gnu17;
				GCC_NO_COMMON_BLOCKS = YES;
				GCC_WARN_64_TO_32_BIT_CONVERSION = YES;
				GCC_WARN_ABOUT_RETURN_TYPE = YES_ERROR;
				GCC_WARN_UNDECLARED_SELECTOR = YES;
				GCC_WARN_UNINITIALIZED_AUTOS = YES_AGGRESSIVE;
				GCC_WARN_UNUSED_FUNCTION = YES;
				GCC_WARN_UNUSED_VARIABLE = YES;
				IPHONEOS_DEPLOYMENT_TARGET = 18.1;
				LOCALIZATION_PREFERS_STRING_CATALOGS = YES;
				MTL_ENABLE_DEBUG_INFO = NO;
				MTL_FAST_MATH = YES;
				SDKROOT = iphoneos;
				SWIFT_COMPILATION_MODE = wholemodule;
				VALIDATE_PRODUCT = YES;
			};
			name = Release;
		};
		6E6AF6932D6532A90016A9E3 /* Debug */ = {
			isa = XCBuildConfiguration;
			baseConfigurationReference = 88409CC560E21E61288FABC7 /* Pods-Job-In.debug.xcconfig */;
			buildSettings = {
				ASSETCATALOG_COMPILER_APPICON_NAME = AppIcon;
				ASSETCATALOG_COMPILER_GLOBAL_ACCENT_COLOR_NAME = AccentColor;
				CODE_SIGN_STYLE = Automatic;
				CURRENT_PROJECT_VERSION = 1;
				DEVELOPMENT_ASSET_PATHS = "\"Job-In/Preview Content\"";
				ENABLE_PREVIEWS = YES;
				ENABLE_USER_SCRIPT_SANDBOXING = NO;
				GENERATE_INFOPLIST_FILE = YES;
				INFOPLIST_KEY_UIApplicationSceneManifest_Generation = YES;
				INFOPLIST_KEY_UIApplicationSupportsIndirectInputEvents = YES;
				INFOPLIST_KEY_UILaunchScreen_Generation = YES;
				INFOPLIST_KEY_UISupportedInterfaceOrientations_iPad = "UIInterfaceOrientationPortrait UIInterfaceOrientationPortraitUpsideDown UIInterfaceOrientationLandscapeLeft UIInterfaceOrientationLandscapeRight";
				INFOPLIST_KEY_UISupportedInterfaceOrientations_iPhone = "UIInterfaceOrientationPortrait UIInterfaceOrientationLandscapeLeft UIInterfaceOrientationLandscapeRight";
				LD_RUNPATH_SEARCH_PATHS = (
					"$(inherited)",
					"@executable_path/Frameworks",
				);
				MARKETING_VERSION = 1.0;
				PRODUCT_BUNDLE_IDENTIFIER = "com.Fknrd.Job-In";
				PRODUCT_NAME = "$(TARGET_NAME)";
				SWIFT_EMIT_LOC_STRINGS = YES;
				SWIFT_VERSION = 5.0;
				TARGETED_DEVICE_FAMILY = "1,2";
			};
			name = Debug;
		};
		6E6AF6942D6532A90016A9E3 /* Release */ = {
			isa = XCBuildConfiguration;
			baseConfigurationReference = 8F666EADC31D2156F204CAA2 /* Pods-Job-In.release.xcconfig */;
			buildSettings = {
				ASSETCATALOG_COMPILER_APPICON_NAME = AppIcon;
				ASSETCATALOG_COMPILER_GLOBAL_ACCENT_COLOR_NAME = AccentColor;
				CODE_SIGN_STYLE = Automatic;
				CURRENT_PROJECT_VERSION = 1;
				DEVELOPMENT_ASSET_PATHS = "\"Job-In/Preview Content\"";
				ENABLE_PREVIEWS = YES;
				ENABLE_USER_SCRIPT_SANDBOXING = NO;
				GENERATE_INFOPLIST_FILE = YES;
				INFOPLIST_KEY_UIApplicationSceneManifest_Generation = YES;
				INFOPLIST_KEY_UIApplicationSupportsIndirectInputEvents = YES;
				INFOPLIST_KEY_UILaunchScreen_Generation = YES;
				INFOPLIST_KEY_UISupportedInterfaceOrientations_iPad = "UIInterfaceOrientationPortrait UIInterfaceOrientationPortraitUpsideDown UIInterfaceOrientationLandscapeLeft UIInterfaceOrientationLandscapeRight";
				INFOPLIST_KEY_UISupportedInterfaceOrientations_iPhone = "UIInterfaceOrientationPortrait UIInterfaceOrientationLandscapeLeft UIInterfaceOrientationLandscapeRight";
				LD_RUNPATH_SEARCH_PATHS = (
					"$(inherited)",
					"@executable_path/Frameworks",
				);
				MARKETING_VERSION = 1.0;
				PRODUCT_BUNDLE_IDENTIFIER = "com.Fknrd.Job-In";
				PRODUCT_NAME = "$(TARGET_NAME)";
				SWIFT_EMIT_LOC_STRINGS = YES;
				SWIFT_VERSION = 5.0;
				TARGETED_DEVICE_FAMILY = "1,2";
			};
			name = Release;
		};
		6E6AF6962D6532A90016A9E3 /* Debug */ = {
			isa = XCBuildConfiguration;
			baseConfigurationReference = F2A5A483510260F03DA04992 /* Pods-Job-InTests.debug.xcconfig */;
			buildSettings = {
				BUNDLE_LOADER = "$(TEST_HOST)";
				CODE_SIGN_STYLE = Automatic;
				CURRENT_PROJECT_VERSION = 1;
				GENERATE_INFOPLIST_FILE = YES;
				IPHONEOS_DEPLOYMENT_TARGET = 18.1;
				MARKETING_VERSION = 1.0;
				PRODUCT_BUNDLE_IDENTIFIER = "com.Fknrd.Job-InTests";
				PRODUCT_NAME = "$(TARGET_NAME)";
				SWIFT_EMIT_LOC_STRINGS = NO;
				SWIFT_VERSION = 5.0;
				TARGETED_DEVICE_FAMILY = "1,2";
				TEST_HOST = "$(BUILT_PRODUCTS_DIR)/Job-In.app/$(BUNDLE_EXECUTABLE_FOLDER_PATH)/Job-In";
			};
			name = Debug;
		};
		6E6AF6972D6532A90016A9E3 /* Release */ = {
			isa = XCBuildConfiguration;
			baseConfigurationReference = 839E6DA7B4E2F01133E63BE5 /* Pods-Job-InTests.release.xcconfig */;
			buildSettings = {
				BUNDLE_LOADER = "$(TEST_HOST)";
				CODE_SIGN_STYLE = Automatic;
				CURRENT_PROJECT_VERSION = 1;
				GENERATE_INFOPLIST_FILE = YES;
				IPHONEOS_DEPLOYMENT_TARGET = 18.1;
				MARKETING_VERSION = 1.0;
				PRODUCT_BUNDLE_IDENTIFIER = "com.Fknrd.Job-InTests";
				PRODUCT_NAME = "$(TARGET_NAME)";
				SWIFT_EMIT_LOC_STRINGS = NO;
				SWIFT_VERSION = 5.0;
				TARGETED_DEVICE_FAMILY = "1,2";
				TEST_HOST = "$(BUILT_PRODUCTS_DIR)/Job-In.app/$(BUNDLE_EXECUTABLE_FOLDER_PATH)/Job-In";
			};
			name = Release;
		};
		6E6AF6992D6532A90016A9E3 /* Debug */ = {
			isa = XCBuildConfiguration;
			baseConfigurationReference = 83DD0CB5BD0441E24068ED51 /* Pods-Job-In-Job-InUITests.debug.xcconfig */;
			buildSettings = {
				CODE_SIGN_STYLE = Automatic;
				CURRENT_PROJECT_VERSION = 1;
				GENERATE_INFOPLIST_FILE = YES;
				MARKETING_VERSION = 1.0;
				PRODUCT_BUNDLE_IDENTIFIER = "com.Fknrd.Job-InUITests";
				PRODUCT_NAME = "$(TARGET_NAME)";
				SWIFT_EMIT_LOC_STRINGS = NO;
				SWIFT_VERSION = 5.0;
				TARGETED_DEVICE_FAMILY = "1,2";
				TEST_TARGET_NAME = "Job-In";
			};
			name = Debug;
		};
		6E6AF69A2D6532A90016A9E3 /* Release */ = {
			isa = XCBuildConfiguration;
			baseConfigurationReference = AB0A231D8872AC9DC462B4E2 /* Pods-Job-In-Job-InUITests.release.xcconfig */;
			buildSettings = {
				CODE_SIGN_STYLE = Automatic;
				CURRENT_PROJECT_VERSION = 1;
				GENERATE_INFOPLIST_FILE = YES;
				MARKETING_VERSION = 1.0;
				PRODUCT_BUNDLE_IDENTIFIER = "com.Fknrd.Job-InUITests";
				PRODUCT_NAME = "$(TARGET_NAME)";
				SWIFT_EMIT_LOC_STRINGS = NO;
				SWIFT_VERSION = 5.0;
				TARGETED_DEVICE_FAMILY = "1,2";
				TEST_TARGET_NAME = "Job-In";
			};
			name = Release;
		};
/* End XCBuildConfiguration section */

/* Begin XCConfigurationList section */
		6E6AF6692D6532A70016A9E3 /* Build configuration list for PBXProject "Job-In" */ = {
			isa = XCConfigurationList;
			buildConfigurations = (
				6E6AF6902D6532A90016A9E3 /* Debug */,
				6E6AF6912D6532A90016A9E3 /* Release */,
			);
			defaultConfigurationIsVisible = 0;
			defaultConfigurationName = Release;
		};
		6E6AF6922D6532A90016A9E3 /* Build configuration list for PBXNativeTarget "Job-In" */ = {
			isa = XCConfigurationList;
			buildConfigurations = (
				6E6AF6932D6532A90016A9E3 /* Debug */,
				6E6AF6942D6532A90016A9E3 /* Release */,
			);
			defaultConfigurationIsVisible = 0;
			defaultConfigurationName = Release;
		};
		6E6AF6952D6532A90016A9E3 /* Build configuration list for PBXNativeTarget "Job-InTests" */ = {
			isa = XCConfigurationList;
			buildConfigurations = (
				6E6AF6962D6532A90016A9E3 /* Debug */,
				6E6AF6972D6532A90016A9E3 /* Release */,
			);
			defaultConfigurationIsVisible = 0;
			defaultConfigurationName = Release;
		};
		6E6AF6982D6532A90016A9E3 /* Build configuration list for PBXNativeTarget "Job-InUITests" */ = {
			isa = XCConfigurationList;
			buildConfigurations = (
				6E6AF6992D6532A90016A9E3 /* Debug */,
				6E6AF69A2D6532A90016A9E3 /* Release */,
			);
			defaultConfigurationIsVisible = 0;
			defaultConfigurationName = Release;
		};
/* End XCConfigurationList section */
	};
	rootObject = 6E6AF6662D6532A70016A9E3 /* Project object */;
}
